
Microsoft Visual Studio Solution File, Format Version 12.00
# Visual Studio Version 17
VisualStudioVersion = 17.14.37012.4
MinimumVisualStudioVersion = 10.0.40219.1
Project("{2150E333-8FDC-42A3-9474-1A3956D46DE8}") = "Services", "Services", "{02EA681E-C7D8-13C7-8484-4AC65E1B71E8}"
EndProject
Project("{FAE04EC0-301F-11D3-BF4B-00C04F79EFBC}") = "AuthService.Domain", "AuthService.Domain\AuthService.Domain.csproj", "{BE86E954-F70A-473D-864F-4B5D76DD2400}"
EndProject
Project("{FAE04EC0-301F-11D3-BF4B-00C04F79EFBC}") = "AuthService.Application", "AuthService.Application\AuthService.Application.csproj", "{3296A797-2704-4EEF-A8A0-60889380DA71}"
EndProject
Project("{FAE04EC0-301F-11D3-BF4B-00C04F79EFBC}") = "AuthService.Infrastructure", "AuthService.Infrastructure\AuthService.Infrastructure.csproj", "{1495AA44-76B4-47B2-B94A-B4BDF77865C0}"
EndProject
Project("{FAE04EC0-301F-11D3-BF4B-00C04F79EFBC}") = "AuthService.API", "AuthService.API\AuthService.API.csproj", "{3F1317B3-2CBE-4CB8-A7B5-97499F19391A}"
EndProject
Project("{2150E333-8FDC-42A3-9474-1A3956D46DE8}") = "MenuServices", "MenuServices", "{A09E49BD-57E1-42A7-9725-A7D7C93CCF49}"
EndProject
Project("{FAE04EC0-301F-11D3-BF4B-00C04F79EFBC}") = "MenuService.Domain", "MenuService.Domain\MenuService.Domain.csproj", "{577F8898-394A-474E-83E3-A57431195B2A}"
EndProject
Project("{2150E333-8FDC-42A3-9474-1A3956D46DE8}") = "AuthServices", "AuthServices", "{E59DECA1-C330-43A5-AE04-08D840E20455}"
EndProject
Project("{FAE04EC0-301F-11D3-BF4B-00C04F79EFBC}") = "MenuService.Application", "MenuService.Application\MenuService.Application.csproj", "{7443F116-7812-4758-8829-3E625B099A57}"
EndProject
Project("{FAE04EC0-301F-11D3-BF4B-00C04F79EFBC}") = "MenuService.Infrastructure", "MenuService.Infrastructure\MenuService.Infrastructure.csproj", "{3638031B-45D6-4083-B577-93DE866AB7C3}"
EndProject
Project("{FAE04EC0-301F-11D3-BF4B-00C04F79EFBC}") = "MenuService.API", "MenuService.API\MenuService.API.csproj", "{8F984C5E-D793-4520-8AEB-86956CBEDA75}"
EndProject
Project("{2150E333-8FDC-42A3-9474-1A3956D46DE8}") = "OrderServices", "OrderServices", "{0F96D95D-36DA-4EA4-94C3-2AEAEBAA3387}"
EndProject
Project("{FAE04EC0-301F-11D3-BF4B-00C04F79EFBC}") = "OrderService.Domain", "OrderService.Domain\OrderService.Domain.csproj", "{AE9FB9BA-193B-4381-80EA-6556C6806390}"
EndProject
Project("{FAE04EC0-301F-11D3-BF4B-00C04F79EFBC}") = "OrderService.Infrastructure", "OrderService.Infrastructure\OrderService.Infrastructure.csproj", "{6183512A-B3DB-497D-B60E-08CCBB313048}"
EndProject
Project("{FAE04EC0-301F-11D3-BF4B-00C04F79EFBC}") = "OrderService.Application", "OrderServices.Application\OrderService.Application.csproj", "{B4D60A2C-32C3-413A-9287-83C95B983841}"
EndProject
Project("{FAE04EC0-301F-11D3-BF4B-00C04F79EFBC}") = "OrderService.API", "OrderService.API\OrderService.API.csproj", "{880FB637-2E7E-4BD2-8B93-CEBB4373847F}"
EndProject
Global
	GlobalSection(SolutionConfigurationPlatforms) = preSolution
		Debug|Any CPU = Debug|Any CPU
		Release|Any CPU = Release|Any CPU
	EndGlobalSection
	GlobalSection(ProjectConfigurationPlatforms) = postSolution
		{BE86E954-F70A-473D-864F-4B5D76DD2400}.Debug|Any CPU.ActiveCfg = Debug|Any CPU
		{BE86E954-F70A-473D-864F-4B5D76DD2400}.Debug|Any CPU.Build.0 = Debug|Any CPU
		{BE86E954-F70A-473D-864F-4B5D76DD2400}.Release|Any CPU.ActiveCfg = Release|Any CPU
		{BE86E954-F70A-473D-864F-4B5D76DD2400}.Release|Any CPU.Build.0 = Release|Any CPU
		{3296A797-2704-4EEF-A8A0-60889380DA71}.Debug|Any CPU.ActiveCfg = Debug|Any CPU
		{3296A797-2704-4EEF-A8A0-60889380DA71}.Debug|Any CPU.Build.0 = Debug|Any CPU
		{3296A797-2704-4EEF-A8A0-60889380DA71}.Release|Any CPU.ActiveCfg = Release|Any CPU
		{3296A797-2704-4EEF-A8A0-60889380DA71}.Release|Any CPU.Build.0 = Release|Any CPU
		{1495AA44-76B4-47B2-B94A-B4BDF77865C0}.Debug|Any CPU.ActiveCfg = Debug|Any CPU
		{1495AA44-76B4-47B2-B94A-B4BDF77865C0}.Debug|Any CPU.Build.0 = Debug|Any CPU
		{1495AA44-76B4-47B2-B94A-B4BDF77865C0}.Release|Any CPU.ActiveCfg = Release|Any CPU
		{1495AA44-76B4-47B2-B94A-B4BDF77865C0}.Release|Any CPU.Build.0 = Release|Any CPU
		{3F1317B3-2CBE-4CB8-A7B5-97499F19391A}.Debug|Any CPU.ActiveCfg = Debug|Any CPU
		{3F1317B3-2CBE-4CB8-A7B5-97499F19391A}.Debug|Any CPU.Build.0 = Debug|Any CPU
		{3F1317B3-2CBE-4CB8-A7B5-97499F19391A}.Release|Any CPU.ActiveCfg = Release|Any CPU
		{3F1317B3-2CBE-4CB8-A7B5-97499F19391A}.Release|Any CPU.Build.0 = Release|Any CPU
		{577F8898-394A-474E-83E3-A57431195B2A}.Debug|Any CPU.ActiveCfg = Debug|Any CPU
		{577F8898-394A-474E-83E3-A57431195B2A}.Debug|Any CPU.Build.0 = Debug|Any CPU
		{577F8898-394A-474E-83E3-A57431195B2A}.Release|Any CPU.ActiveCfg = Release|Any CPU
		{577F8898-394A-474E-83E3-A57431195B2A}.Release|Any CPU.Build.0 = Release|Any CPU
		{7443F116-7812-4758-8829-3E625B099A57}.Debug|Any CPU.ActiveCfg = Debug|Any CPU
		{7443F116-7812-4758-8829-3E625B099A57}.Debug|Any CPU.Build.0 = Debug|Any CPU
		{7443F116-7812-4758-8829-3E625B099A57}.Release|Any CPU.ActiveCfg = Release|Any CPU
		{7443F116-7812-4758-8829-3E625B099A57}.Release|Any CPU.Build.0 = Release|Any CPU
		{3638031B-45D6-4083-B577-93DE866AB7C3}.Debug|Any CPU.ActiveCfg = Debug|Any CPU
		{3638031B-45D6-4083-B577-93DE866AB7C3}.Debug|Any CPU.Build.0 = Debug|Any CPU
		{3638031B-45D6-4083-B577-93DE866AB7C3}.Release|Any CPU.ActiveCfg = Release|Any CPU
		{3638031B-45D6-4083-B577-93DE866AB7C3}.Release|Any CPU.Build.0 = Release|Any CPU
		{8F984C5E-D793-4520-8AEB-86956CBEDA75}.Debug|Any CPU.ActiveCfg = Debug|Any CPU
		{8F984C5E-D793-4520-8AEB-86956CBEDA75}.Debug|Any CPU.Build.0 = Debug|Any CPU
		{8F984C5E-D793-4520-8AEB-86956CBEDA75}.Release|Any CPU.ActiveCfg = Release|Any CPU
		{8F984C5E-D793-4520-8AEB-86956CBEDA75}.Release|Any CPU.Build.0 = Release|Any CPU
		{AE9FB9BA-193B-4381-80EA-6556C6806390}.Debug|Any CPU.ActiveCfg = Debug|Any CPU
		{AE9FB9BA-193B-4381-80EA-6556C6806390}.Debug|Any CPU.Build.0 = Debug|Any CPU
		{AE9FB9BA-193B-4381-80EA-6556C6806390}.Release|Any CPU.ActiveCfg = Release|Any CPU
		{AE9FB9BA-193B-4381-80EA-6556C6806390}.Release|Any CPU.Build.0 = Release|Any CPU
		{6183512A-B3DB-497D-B60E-08CCBB313048}.Debug|Any CPU.ActiveCfg = Debug|Any CPU
		{6183512A-B3DB-497D-B60E-08CCBB313048}.Debug|Any CPU.Build.0 = Debug|Any CPU
		{6183512A-B3DB-497D-B60E-08CCBB313048}.Release|Any CPU.ActiveCfg = Release|Any CPU
		{6183512A-B3DB-497D-B60E-08CCBB313048}.Release|Any CPU.Build.0 = Release|Any CPU
		{B4D60A2C-32C3-413A-9287-83C95B983841}.Debug|Any CPU.ActiveCfg = Debug|Any CPU
		{B4D60A2C-32C3-413A-9287-83C95B983841}.Debug|Any CPU.Build.0 = Debug|Any CPU
		{B4D60A2C-32C3-413A-9287-83C95B983841}.Release|Any CPU.ActiveCfg = Release|Any CPU
		{B4D60A2C-32C3-413A-9287-83C95B983841}.Release|Any CPU.Build.0 = Release|Any CPU
		{880FB637-2E7E-4BD2-8B93-CEBB4373847F}.Debug|Any CPU.ActiveCfg = Debug|Any CPU
		{880FB637-2E7E-4BD2-8B93-CEBB4373847F}.Debug|Any CPU.Build.0 = Debug|Any CPU
		{880FB637-2E7E-4BD2-8B93-CEBB4373847F}.Release|Any CPU.ActiveCfg = Release|Any CPU
		{880FB637-2E7E-4BD2-8B93-CEBB4373847F}.Release|Any CPU.Build.0 = Release|Any CPU
	EndGlobalSection
	GlobalSection(SolutionProperties) = preSolution
		HideSolutionNode = FALSE
	EndGlobalSection
	GlobalSection(NestedProjects) = preSolution
		{BE86E954-F70A-473D-864F-4B5D76DD2400} = {E59DECA1-C330-43A5-AE04-08D840E20455}
		{3296A797-2704-4EEF-A8A0-60889380DA71} = {E59DECA1-C330-43A5-AE04-08D840E20455}
		{1495AA44-76B4-47B2-B94A-B4BDF77865C0} = {E59DECA1-C330-43A5-AE04-08D840E20455}
		{3F1317B3-2CBE-4CB8-A7B5-97499F19391A} = {E59DECA1-C330-43A5-AE04-08D840E20455}
		{A09E49BD-57E1-42A7-9725-A7D7C93CCF49} = {02EA681E-C7D8-13C7-8484-4AC65E1B71E8}
		{577F8898-394A-474E-83E3-A57431195B2A} = {A09E49BD-57E1-42A7-9725-A7D7C93CCF49}
		{E59DECA1-C330-43A5-AE04-08D840E20455} = {02EA681E-C7D8-13C7-8484-4AC65E1B71E8}
		{7443F116-7812-4758-8829-3E625B099A57} = {A09E49BD-57E1-42A7-9725-A7D7C93CCF49}
		{3638031B-45D6-4083-B577-93DE866AB7C3} = {A09E49BD-57E1-42A7-9725-A7D7C93CCF49}
		{8F984C5E-D793-4520-8AEB-86956CBEDA75} = {A09E49BD-57E1-42A7-9725-A7D7C93CCF49}
		{0F96D95D-36DA-4EA4-94C3-2AEAEBAA3387} = {02EA681E-C7D8-13C7-8484-4AC65E1B71E8}
		{AE9FB9BA-193B-4381-80EA-6556C6806390} = {0F96D95D-36DA-4EA4-94C3-2AEAEBAA3387}
		{6183512A-B3DB-497D-B60E-08CCBB313048} = {0F96D95D-36DA-4EA4-94C3-2AEAEBAA3387}
		{B4D60A2C-32C3-413A-9287-83C95B983841} = {0F96D95D-36DA-4EA4-94C3-2AEAEBAA3387}
		{880FB637-2E7E-4BD2-8B93-CEBB4373847F} = {0F96D95D-36DA-4EA4-94C3-2AEAEBAA3387}
	EndGlobalSection
	GlobalSection(ExtensibilityGlobals) = postSolution
		SolutionGuid = {633300EC-28E9-43C9-9A66-7C164F878020}
	EndGlobalSection
EndGlobal
